
Microsoft Visual Studio Solution File, Format Version 12.00
# Visual Studio 15
VisualStudioVersion = 15.0.28307.1062
MinimumVisualStudioVersion = 10.0.40219.1
Project("{FAE04EC0-301F-11D3-BF4B-00C04F79EFBC}") = "QuanLyBanHang", "QuanLyBanHang\QuanLyBanHang.csproj", "{28A1CABF-CCB4-466C-83B3-218887008A3E}"
EndProject
Global
	GlobalSection(SolutionConfigurationPlatforms) = preSolution
		Debug|Any CPU = Debug|Any CPU
		Release|Any CPU = Release|Any CPU
	EndGlobalSection
	GlobalSection(ProjectConfigurationPlatforms) = postSolution
		{28A1CABF-CCB4-466C-83B3-218887008A3E}.Debug|Any CPU.ActiveCfg = Debug|Any CPU
		{28A1CABF-CCB4-466C-83B3-218887008A3E}.Debug|Any CPU.Build.0 = Debug|Any CPU
		{28A1CABF-CCB4-466C-83B3-218887008A3E}.Release|Any CPU.ActiveCfg = Release|Any CPU
		{28A1CABF-CCB4-466C-83B3-218887008A3E}.Release|Any CPU.Build.0 = Release|Any CPU
	EndGlobalSection
	GlobalSection(SolutionProperties) = preSolution
		HideSolutionNode = FALSE
	EndGlobalSection
	GlobalSection(ExtensibilityGlobals) = postSolution
		SolutionGuid = {5BC859A7-126F-4276-8B6E-C7D59411D348}
	EndGlobalSection
EndGlobal
